// !$*UTF8*$!
{
	archiveVersion = 1;
	classes = {
	};
	objectVersion = 56;
	objects = {

/* Begin PBXBuildFile section */
		D41D4E1D29CEF4BC001ACF68 /* GolfProto03App.swift in Sources */ = {isa = PBXBuildFile; fileRef = D41D4E1C29CEF4BC001ACF68 /* GolfProto03App.swift */; };
		D41D4E1F29CEF4BC001ACF68 /* ContentView.swift in Sources */ = {isa = PBXBuildFile; fileRef = D41D4E1E29CEF4BC001ACF68 /* ContentView.swift */; };
		D41D4E2129CEF4BD001ACF68 /* Assets.xcassets in Resources */ = {isa = PBXBuildFile; fileRef = D41D4E2029CEF4BD001ACF68 /* Assets.xcassets */; };
		D41D4E2429CEF4BD001ACF68 /* Preview Assets.xcassets in Resources */ = {isa = PBXBuildFile; fileRef = D41D4E2329CEF4BD001ACF68 /* Preview Assets.xcassets */; };
		D41D4E3429CEF561001ACF68 /* UIImageTransformer.swift in Sources */ = {isa = PBXBuildFile; fileRef = D41D4E3229CEF561001ACF68 /* UIImageTransformer.swift */; };
		D41D4E3529CEF561001ACF68 /* UIColorTransformer.swift in Sources */ = {isa = PBXBuildFile; fileRef = D41D4E3329CEF561001ACF68 /* UIColorTransformer.swift */; };
		D41D4E3729CEF576001ACF68 /* ImagePicker.swift in Sources */ = {isa = PBXBuildFile; fileRef = D41D4E3629CEF576001ACF68 /* ImagePicker.swift */; };
		D41D4E4C29CEF5AB001ACF68 /* ClubListRowItem.swift in Sources */ = {isa = PBXBuildFile; fileRef = D41D4E3929CEF5AB001ACF68 /* ClubListRowItem.swift */; };
		D41D4E4D29CEF5AB001ACF68 /* EditClubScreen.swift in Sources */ = {isa = PBXBuildFile; fileRef = D41D4E3A29CEF5AB001ACF68 /* EditClubScreen.swift */; };
		D41D4E4E29CEF5AB001ACF68 /* ClubListScreen.swift in Sources */ = {isa = PBXBuildFile; fileRef = D41D4E3B29CEF5AB001ACF68 /* ClubListScreen.swift */; };
		D41D4E4F29CEF5AB001ACF68 /* AddClubScreen.swift in Sources */ = {isa = PBXBuildFile; fileRef = D41D4E3C29CEF5AB001ACF68 /* AddClubScreen.swift */; };
		D41D4E5029CEF5AB001ACF68 /* HolesLayout9.swift in Sources */ = {isa = PBXBuildFile; fileRef = D41D4E3E29CEF5AB001ACF68 /* HolesLayout9.swift */; };
		D41D4E5129CEF5AB001ACF68 /* HoleListScreen.swift in Sources */ = {isa = PBXBuildFile; fileRef = D41D4E3F29CEF5AB001ACF68 /* HoleListScreen.swift */; };
		D41D4E5229CEF5AB001ACF68 /* HolesLayoutTotals.swift in Sources */ = {isa = PBXBuildFile; fileRef = D41D4E4029CEF5AB001ACF68 /* HolesLayoutTotals.swift */; };
		D41D4E5329CEF5AB001ACF68 /* CourseListScreen.swift in Sources */ = {isa = PBXBuildFile; fileRef = D41D4E4229CEF5AB001ACF68 /* CourseListScreen.swift */; };
		D41D4E5429CEF5AB001ACF68 /* EditCourseScreen.swift in Sources */ = {isa = PBXBuildFile; fileRef = D41D4E4329CEF5AB001ACF68 /* EditCourseScreen.swift */; };
		D41D4E5529CEF5AB001ACF68 /* AddCoursesScreen.swift in Sources */ = {isa = PBXBuildFile; fileRef = D41D4E4429CEF5AB001ACF68 /* AddCoursesScreen.swift */; };
		D41D4E5629CEF5AB001ACF68 /* CourseListRowItem.swift in Sources */ = {isa = PBXBuildFile; fileRef = D41D4E4529CEF5AB001ACF68 /* CourseListRowItem.swift */; };
		D41D4E5729CEF5AB001ACF68 /* EditTeeBoxScreen.swift in Sources */ = {isa = PBXBuildFile; fileRef = D41D4E4729CEF5AB001ACF68 /* EditTeeBoxScreen.swift */; };
		D41D4E5829CEF5AB001ACF68 /* TeeBoxListScreen.swift in Sources */ = {isa = PBXBuildFile; fileRef = D41D4E4829CEF5AB001ACF68 /* TeeBoxListScreen.swift */; };
		D41D4E5929CEF5AB001ACF68 /* TeeBoxListScreen_1Course.swift in Sources */ = {isa = PBXBuildFile; fileRef = D41D4E4929CEF5AB001ACF68 /* TeeBoxListScreen_1Course.swift */; };
		D41D4E5A29CEF5AB001ACF68 /* TeeBoxListRowItem.swift in Sources */ = {isa = PBXBuildFile; fileRef = D41D4E4A29CEF5AB001ACF68 /* TeeBoxListRowItem.swift */; };
		D41D4E5B29CEF5AB001ACF68 /* AddTeeBoxScreen.swift in Sources */ = {isa = PBXBuildFile; fileRef = D41D4E4B29CEF5AB001ACF68 /* AddTeeBoxScreen.swift */; };
		D41D4E6329CEF5CB001ACF68 /* PlayerListScreen.swift in Sources */ = {isa = PBXBuildFile; fileRef = D41D4E5E29CEF5CB001ACF68 /* PlayerListScreen.swift */; };
		D41D4E6429CEF5CB001ACF68 /* PlayerListRowItem.swift in Sources */ = {isa = PBXBuildFile; fileRef = D41D4E5F29CEF5CB001ACF68 /* PlayerListRowItem.swift */; };
		D41D4E6529CEF5CB001ACF68 /* AddHandicapScreen.swift in Sources */ = {isa = PBXBuildFile; fileRef = D41D4E6029CEF5CB001ACF68 /* AddHandicapScreen.swift */; };
		D41D4E6629CEF5CB001ACF68 /* AddPlayerScreen.swift in Sources */ = {isa = PBXBuildFile; fileRef = D41D4E6129CEF5CB001ACF68 /* AddPlayerScreen.swift */; };
		D41D4E6729CEF5CB001ACF68 /* PlayerDetailScreen.swift in Sources */ = {isa = PBXBuildFile; fileRef = D41D4E6229CEF5CB001ACF68 /* PlayerDetailScreen.swift */; };
		D41D4E7A29CEF5F7001ACF68 /* PlayerListViewModel.swift in Sources */ = {isa = PBXBuildFile; fileRef = D41D4E6929CEF5F7001ACF68 /* PlayerListViewModel.swift */; };
		D41D4E7B29CEF5F7001ACF68 /* AddHandicapViewModel.swift in Sources */ = {isa = PBXBuildFile; fileRef = D41D4E6A29CEF5F7001ACF68 /* AddHandicapViewModel.swift */; };
		D41D4E7C29CEF5F7001ACF68 /* AddPlayerViewModel.swift in Sources */ = {isa = PBXBuildFile; fileRef = D41D4E6B29CEF5F7001ACF68 /* AddPlayerViewModel.swift */; };
		D41D4E7D29CEF5F7001ACF68 /* HandicapListViewModel.swift in Sources */ = {isa = PBXBuildFile; fileRef = D41D4E6C29CEF5F7001ACF68 /* HandicapListViewModel.swift */; };
		D41D4E7E29CEF5F7001ACF68 /* EditClubViewModel.swift in Sources */ = {isa = PBXBuildFile; fileRef = D41D4E6E29CEF5F7001ACF68 /* EditClubViewModel.swift */; };
		D41D4E7F29CEF5F7001ACF68 /* EditTeeBoxViewModel.swift in Sources */ = {isa = PBXBuildFile; fileRef = D41D4E6F29CEF5F7001ACF68 /* EditTeeBoxViewModel.swift */; };
		D41D4E8029CEF5F7001ACF68 /* AddCourseViewModel.swift in Sources */ = {isa = PBXBuildFile; fileRef = D41D4E7029CEF5F7001ACF68 /* AddCourseViewModel.swift */; };
		D41D4E8229CEF5F7001ACF68 /* CourseListViewModel.swift in Sources */ = {isa = PBXBuildFile; fileRef = D41D4E7229CEF5F7001ACF68 /* CourseListViewModel.swift */; };
		D41D4E8329CEF5F7001ACF68 /* ClubListViewModel.swift in Sources */ = {isa = PBXBuildFile; fileRef = D41D4E7329CEF5F7001ACF68 /* ClubListViewModel.swift */; };
		D41D4E8429CEF5F7001ACF68 /* EditCourseViewModel.swift in Sources */ = {isa = PBXBuildFile; fileRef = D41D4E7429CEF5F7001ACF68 /* EditCourseViewModel.swift */; };
		D41D4E8529CEF5F7001ACF68 /* AddTeeBoxViewModel.swift in Sources */ = {isa = PBXBuildFile; fileRef = D41D4E7529CEF5F7001ACF68 /* AddTeeBoxViewModel.swift */; };
		D41D4E8629CEF5F7001ACF68 /* AddHoleViewModel.swift in Sources */ = {isa = PBXBuildFile; fileRef = D41D4E7629CEF5F7001ACF68 /* AddHoleViewModel.swift */; };
		D41D4E8729CEF5F7001ACF68 /* TeeBoxListViewModel.swift in Sources */ = {isa = PBXBuildFile; fileRef = D41D4E7729CEF5F7001ACF68 /* TeeBoxListViewModel.swift */; };
		D41D4E8829CEF5F7001ACF68 /* HoleListViewModel.swift in Sources */ = {isa = PBXBuildFile; fileRef = D41D4E7829CEF5F7001ACF68 /* HoleListViewModel.swift */; };
		D41D4E8929CEF5F7001ACF68 /* AddEditClubViewModel.swift in Sources */ = {isa = PBXBuildFile; fileRef = D41D4E7929CEF5F7001ACF68 /* AddEditClubViewModel.swift */; };
		D41D4E8C29CEF662001ACF68 /* GolfDataModel.xcdatamodeld in Sources */ = {isa = PBXBuildFile; fileRef = D41D4E8A29CEF662001ACF68 /* GolfDataModel.xcdatamodeld */; };
		D41D4E9A29CEF721001ACF68 /* CoreDataManager.swift in Sources */ = {isa = PBXBuildFile; fileRef = D41D4E9929CEF721001ACF68 /* CoreDataManager.swift */; };
		D41D4E9E29CF016D001ACF68 /* MainScreen.swift in Sources */ = {isa = PBXBuildFile; fileRef = D41D4E9D29CF016D001ACF68 /* MainScreen.swift */; };
		D4232EA229E9A08500E73190 /* TeeBox+CoreDataClass.swift in Sources */ = {isa = PBXBuildFile; fileRef = D4232EA029E9A08500E73190 /* TeeBox+CoreDataClass.swift */; };
		D4232EA329E9A08500E73190 /* TeeBox+CoreDataProperties.swift in Sources */ = {isa = PBXBuildFile; fileRef = D4232EA129E9A08500E73190 /* TeeBox+CoreDataProperties.swift */; };
		D4232EAD29E9BB6F00E73190 /* GameFormats.swift in Sources */ = {isa = PBXBuildFile; fileRef = D4232EAC29E9BB6F00E73190 /* GameFormats.swift */; };
		D4232EB029E9BC8100E73190 /* Game+CoreDataClass.swift in Sources */ = {isa = PBXBuildFile; fileRef = D4232EAE29E9BC8100E73190 /* Game+CoreDataClass.swift */; };
		D4232EB129E9BC8100E73190 /* Game+CoreDataProperties.swift in Sources */ = {isa = PBXBuildFile; fileRef = D4232EAF29E9BC8100E73190 /* Game+CoreDataProperties.swift */; };
		D4232EB329E9BCFE00E73190 /* Extensions_Game.swift in Sources */ = {isa = PBXBuildFile; fileRef = D4232EB229E9BCFE00E73190 /* Extensions_Game.swift */; };
		D4232EB729EA817100E73190 /* Extensions_Club.swift in Sources */ = {isa = PBXBuildFile; fileRef = D4232EB629EA817100E73190 /* Extensions_Club.swift */; };
		D4232EB829EA848D00E73190 /* AddGameScreen.swift in Sources */ = {isa = PBXBuildFile; fileRef = D4232EB429EA74F200E73190 /* AddGameScreen.swift */; };
		D4600C2F29EDBABA007AABF4 /* GameDetailScreen2.swift in Sources */ = {isa = PBXBuildFile; fileRef = D4600C2E29EDBABA007AABF4 /* GameDetailScreen2.swift */; };
		D46A73DB29EB213100327818 /* Player+CoreDataClass.swift in Sources */ = {isa = PBXBuildFile; fileRef = D46A73D929EB213100327818 /* Player+CoreDataClass.swift */; };
		D46A73DC29EB213100327818 /* Player+CoreDataProperties.swift in Sources */ = {isa = PBXBuildFile; fileRef = D46A73DA29EB213100327818 /* Player+CoreDataProperties.swift */; };
		D46A73E029EB55AD00327818 /* AddGamePlayerRowItem.swift in Sources */ = {isa = PBXBuildFile; fileRef = D46A73DF29EB55AD00327818 /* AddGamePlayerRowItem.swift */; };
		D46E7CA429EBE75B0015E80C /* Extensions_Player.swift in Sources */ = {isa = PBXBuildFile; fileRef = D46E7CA329EBE75B0015E80C /* Extensions_Player.swift */; };
		D46E7CA629EC444B0015E80C /* Extensions_Competitor.swift in Sources */ = {isa = PBXBuildFile; fileRef = D46E7CA529EC444B0015E80C /* Extensions_Competitor.swift */; };
		D49CC87029E570FA00388CB1 /* GameListViewModel.swift in Sources */ = {isa = PBXBuildFile; fileRef = D49CC86F29E570FA00388CB1 /* GameListViewModel.swift */; };
		D49CC87329E57B2D00388CB1 /* AddGameViewModel.swift in Sources */ = {isa = PBXBuildFile; fileRef = D49CC87229E57B2D00388CB1 /* AddGameViewModel.swift */; };
		D49CC87829E57E5E00388CB1 /* GameListScreen.swift in Sources */ = {isa = PBXBuildFile; fileRef = D49CC87729E57E5E00388CB1 /* GameListScreen.swift */; };
		D49CC87A29E5800600388CB1 /* GameListRowItem.swift in Sources */ = {isa = PBXBuildFile; fileRef = D49CC87929E5800600388CB1 /* GameListRowItem.swift */; };
		D49CC87C29E5817800388CB1 /* GameDetailScreen.swift in Sources */ = {isa = PBXBuildFile; fileRef = D49CC87B29E5817800388CB1 /* GameDetailScreen.swift */; };
		D49CC87E29E5859100388CB1 /* AddCompetitorViewModel.swift in Sources */ = {isa = PBXBuildFile; fileRef = D49CC87D29E5859100388CB1 /* AddCompetitorViewModel.swift */; };
		D49CC88D29E9552A00388CB1 /* Club+CoreDataClass.swift in Sources */ = {isa = PBXBuildFile; fileRef = D49CC88B29E9552A00388CB1 /* Club+CoreDataClass.swift */; };
		D49CC88E29E9552A00388CB1 /* Club+CoreDataProperties.swift in Sources */ = {isa = PBXBuildFile; fileRef = D49CC88C29E9552A00388CB1 /* Club+CoreDataProperties.swift */; };
		D49CC8A329E97CB700388CB1 /* Course+CoreDataClass.swift in Sources */ = {isa = PBXBuildFile; fileRef = D49CC8A129E97CB700388CB1 /* Course+CoreDataClass.swift */; };
		D49CC8A429E97CB700388CB1 /* Course+CoreDataProperties.swift in Sources */ = {isa = PBXBuildFile; fileRef = D49CC8A229E97CB700388CB1 /* Course+CoreDataProperties.swift */; };
		D4AE6DE329ED4F7E00F298DB /* ChangeCompetitorTeeBoxSheet.swift in Sources */ = {isa = PBXBuildFile; fileRef = D4AE6DE229ED4F7E00F298DB /* ChangeCompetitorTeeBoxSheet.swift */; };
/* End PBXBuildFile section */

/* Begin PBXFileReference section */
		D41D4E1929CEF4BC001ACF68 /* GolfProto03.app */ = {isa = PBXFileReference; explicitFileType = wrapper.application; includeInIndex = 0; path = GolfProto03.app; sourceTree = BUILT_PRODUCTS_DIR; };
		D41D4E1C29CEF4BC001ACF68 /* GolfProto03App.swift */ = {isa = PBXFileReference; lastKnownFileType = sourcecode.swift; path = GolfProto03App.swift; sourceTree = "<group>"; };
		D41D4E1E29CEF4BC001ACF68 /* ContentView.swift */ = {isa = PBXFileReference; lastKnownFileType = sourcecode.swift; path = ContentView.swift; sourceTree = "<group>"; };
		D41D4E2029CEF4BD001ACF68 /* Assets.xcassets */ = {isa = PBXFileReference; lastKnownFileType = folder.assetcatalog; path = Assets.xcassets; sourceTree = "<group>"; };
		D41D4E2329CEF4BD001ACF68 /* Preview Assets.xcassets */ = {isa = PBXFileReference; lastKnownFileType = folder.assetcatalog; path = "Preview Assets.xcassets"; sourceTree = "<group>"; };
		D41D4E3229CEF561001ACF68 /* UIImageTransformer.swift */ = {isa = PBXFileReference; fileEncoding = 4; lastKnownFileType = sourcecode.swift; path = UIImageTransformer.swift; sourceTree = "<group>"; };
		D41D4E3329CEF561001ACF68 /* UIColorTransformer.swift */ = {isa = PBXFileReference; fileEncoding = 4; lastKnownFileType = sourcecode.swift; path = UIColorTransformer.swift; sourceTree = "<group>"; };
		D41D4E3629CEF576001ACF68 /* ImagePicker.swift */ = {isa = PBXFileReference; fileEncoding = 4; lastKnownFileType = sourcecode.swift; path = ImagePicker.swift; sourceTree = "<group>"; };
		D41D4E3929CEF5AB001ACF68 /* ClubListRowItem.swift */ = {isa = PBXFileReference; fileEncoding = 4; lastKnownFileType = sourcecode.swift; path = ClubListRowItem.swift; sourceTree = "<group>"; };
		D41D4E3A29CEF5AB001ACF68 /* EditClubScreen.swift */ = {isa = PBXFileReference; fileEncoding = 4; lastKnownFileType = sourcecode.swift; path = EditClubScreen.swift; sourceTree = "<group>"; };
		D41D4E3B29CEF5AB001ACF68 /* ClubListScreen.swift */ = {isa = PBXFileReference; fileEncoding = 4; lastKnownFileType = sourcecode.swift; path = ClubListScreen.swift; sourceTree = "<group>"; };
		D41D4E3C29CEF5AB001ACF68 /* AddClubScreen.swift */ = {isa = PBXFileReference; fileEncoding = 4; lastKnownFileType = sourcecode.swift; path = AddClubScreen.swift; sourceTree = "<group>"; };
		D41D4E3E29CEF5AB001ACF68 /* HolesLayout9.swift */ = {isa = PBXFileReference; fileEncoding = 4; lastKnownFileType = sourcecode.swift; path = HolesLayout9.swift; sourceTree = "<group>"; };
		D41D4E3F29CEF5AB001ACF68 /* HoleListScreen.swift */ = {isa = PBXFileReference; fileEncoding = 4; lastKnownFileType = sourcecode.swift; path = HoleListScreen.swift; sourceTree = "<group>"; };
		D41D4E4029CEF5AB001ACF68 /* HolesLayoutTotals.swift */ = {isa = PBXFileReference; fileEncoding = 4; lastKnownFileType = sourcecode.swift; path = HolesLayoutTotals.swift; sourceTree = "<group>"; };
		D41D4E4229CEF5AB001ACF68 /* CourseListScreen.swift */ = {isa = PBXFileReference; fileEncoding = 4; lastKnownFileType = sourcecode.swift; path = CourseListScreen.swift; sourceTree = "<group>"; };
		D41D4E4329CEF5AB001ACF68 /* EditCourseScreen.swift */ = {isa = PBXFileReference; fileEncoding = 4; lastKnownFileType = sourcecode.swift; path = EditCourseScreen.swift; sourceTree = "<group>"; };
		D41D4E4429CEF5AB001ACF68 /* AddCoursesScreen.swift */ = {isa = PBXFileReference; fileEncoding = 4; lastKnownFileType = sourcecode.swift; path = AddCoursesScreen.swift; sourceTree = "<group>"; };
		D41D4E4529CEF5AB001ACF68 /* CourseListRowItem.swift */ = {isa = PBXFileReference; fileEncoding = 4; lastKnownFileType = sourcecode.swift; path = CourseListRowItem.swift; sourceTree = "<group>"; };
		D41D4E4729CEF5AB001ACF68 /* EditTeeBoxScreen.swift */ = {isa = PBXFileReference; fileEncoding = 4; lastKnownFileType = sourcecode.swift; path = EditTeeBoxScreen.swift; sourceTree = "<group>"; };
		D41D4E4829CEF5AB001ACF68 /* TeeBoxListScreen.swift */ = {isa = PBXFileReference; fileEncoding = 4; lastKnownFileType = sourcecode.swift; path = TeeBoxListScreen.swift; sourceTree = "<group>"; };
		D41D4E4929CEF5AB001ACF68 /* TeeBoxListScreen_1Course.swift */ = {isa = PBXFileReference; fileEncoding = 4; lastKnownFileType = sourcecode.swift; path = TeeBoxListScreen_1Course.swift; sourceTree = "<group>"; };
		D41D4E4A29CEF5AB001ACF68 /* TeeBoxListRowItem.swift */ = {isa = PBXFileReference; fileEncoding = 4; lastKnownFileType = sourcecode.swift; path = TeeBoxListRowItem.swift; sourceTree = "<group>"; };
		D41D4E4B29CEF5AB001ACF68 /* AddTeeBoxScreen.swift */ = {isa = PBXFileReference; fileEncoding = 4; lastKnownFileType = sourcecode.swift; path = AddTeeBoxScreen.swift; sourceTree = "<group>"; };
		D41D4E5E29CEF5CB001ACF68 /* PlayerListScreen.swift */ = {isa = PBXFileReference; fileEncoding = 4; lastKnownFileType = sourcecode.swift; path = PlayerListScreen.swift; sourceTree = "<group>"; };
		D41D4E5F29CEF5CB001ACF68 /* PlayerListRowItem.swift */ = {isa = PBXFileReference; fileEncoding = 4; lastKnownFileType = sourcecode.swift; path = PlayerListRowItem.swift; sourceTree = "<group>"; };
		D41D4E6029CEF5CB001ACF68 /* AddHandicapScreen.swift */ = {isa = PBXFileReference; fileEncoding = 4; lastKnownFileType = sourcecode.swift; path = AddHandicapScreen.swift; sourceTree = "<group>"; };
		D41D4E6129CEF5CB001ACF68 /* AddPlayerScreen.swift */ = {isa = PBXFileReference; fileEncoding = 4; lastKnownFileType = sourcecode.swift; path = AddPlayerScreen.swift; sourceTree = "<group>"; };
		D41D4E6229CEF5CB001ACF68 /* PlayerDetailScreen.swift */ = {isa = PBXFileReference; fileEncoding = 4; lastKnownFileType = sourcecode.swift; path = PlayerDetailScreen.swift; sourceTree = "<group>"; };
		D41D4E6929CEF5F7001ACF68 /* PlayerListViewModel.swift */ = {isa = PBXFileReference; fileEncoding = 4; lastKnownFileType = sourcecode.swift; path = PlayerListViewModel.swift; sourceTree = "<group>"; };
		D41D4E6A29CEF5F7001ACF68 /* AddHandicapViewModel.swift */ = {isa = PBXFileReference; fileEncoding = 4; lastKnownFileType = sourcecode.swift; path = AddHandicapViewModel.swift; sourceTree = "<group>"; };
		D41D4E6B29CEF5F7001ACF68 /* AddPlayerViewModel.swift */ = {isa = PBXFileReference; fileEncoding = 4; lastKnownFileType = sourcecode.swift; path = AddPlayerViewModel.swift; sourceTree = "<group>"; };
		D41D4E6C29CEF5F7001ACF68 /* HandicapListViewModel.swift */ = {isa = PBXFileReference; fileEncoding = 4; lastKnownFileType = sourcecode.swift; path = HandicapListViewModel.swift; sourceTree = "<group>"; };
		D41D4E6E29CEF5F7001ACF68 /* EditClubViewModel.swift */ = {isa = PBXFileReference; fileEncoding = 4; lastKnownFileType = sourcecode.swift; path = EditClubViewModel.swift; sourceTree = "<group>"; };
		D41D4E6F29CEF5F7001ACF68 /* EditTeeBoxViewModel.swift */ = {isa = PBXFileReference; fileEncoding = 4; lastKnownFileType = sourcecode.swift; path = EditTeeBoxViewModel.swift; sourceTree = "<group>"; };
		D41D4E7029CEF5F7001ACF68 /* AddCourseViewModel.swift */ = {isa = PBXFileReference; fileEncoding = 4; lastKnownFileType = sourcecode.swift; path = AddCourseViewModel.swift; sourceTree = "<group>"; };
		D41D4E7229CEF5F7001ACF68 /* CourseListViewModel.swift */ = {isa = PBXFileReference; fileEncoding = 4; lastKnownFileType = sourcecode.swift; path = CourseListViewModel.swift; sourceTree = "<group>"; };
		D41D4E7329CEF5F7001ACF68 /* ClubListViewModel.swift */ = {isa = PBXFileReference; fileEncoding = 4; lastKnownFileType = sourcecode.swift; path = ClubListViewModel.swift; sourceTree = "<group>"; };
		D41D4E7429CEF5F7001ACF68 /* EditCourseViewModel.swift */ = {isa = PBXFileReference; fileEncoding = 4; lastKnownFileType = sourcecode.swift; path = EditCourseViewModel.swift; sourceTree = "<group>"; };
		D41D4E7529CEF5F7001ACF68 /* AddTeeBoxViewModel.swift */ = {isa = PBXFileReference; fileEncoding = 4; lastKnownFileType = sourcecode.swift; path = AddTeeBoxViewModel.swift; sourceTree = "<group>"; };
		D41D4E7629CEF5F7001ACF68 /* AddHoleViewModel.swift */ = {isa = PBXFileReference; fileEncoding = 4; lastKnownFileType = sourcecode.swift; path = AddHoleViewModel.swift; sourceTree = "<group>"; };
		D41D4E7729CEF5F7001ACF68 /* TeeBoxListViewModel.swift */ = {isa = PBXFileReference; fileEncoding = 4; lastKnownFileType = sourcecode.swift; path = TeeBoxListViewModel.swift; sourceTree = "<group>"; };
		D41D4E7829CEF5F7001ACF68 /* HoleListViewModel.swift */ = {isa = PBXFileReference; fileEncoding = 4; lastKnownFileType = sourcecode.swift; path = HoleListViewModel.swift; sourceTree = "<group>"; };
		D41D4E7929CEF5F7001ACF68 /* AddEditClubViewModel.swift */ = {isa = PBXFileReference; fileEncoding = 4; lastKnownFileType = sourcecode.swift; path = AddEditClubViewModel.swift; sourceTree = "<group>"; };
		D41D4E8B29CEF662001ACF68 /* GolfDataModel.xcdatamodel */ = {isa = PBXFileReference; lastKnownFileType = wrapper.xcdatamodel; path = GolfDataModel.xcdatamodel; sourceTree = "<group>"; };
		D41D4E9929CEF721001ACF68 /* CoreDataManager.swift */ = {isa = PBXFileReference; fileEncoding = 4; lastKnownFileType = sourcecode.swift; path = CoreDataManager.swift; sourceTree = "<group>"; };
		D41D4E9B29CEFA1B001ACF68 /* GolfProto03.entitlements */ = {isa = PBXFileReference; lastKnownFileType = text.plist.entitlements; path = GolfProto03.entitlements; sourceTree = "<group>"; };
		D41D4E9C29CEFA61001ACF68 /* Info.plist */ = {isa = PBXFileReference; lastKnownFileType = text.plist; path = Info.plist; sourceTree = "<group>"; };
		D41D4E9D29CF016D001ACF68 /* MainScreen.swift */ = {isa = PBXFileReference; fileEncoding = 4; lastKnownFileType = sourcecode.swift; path = MainScreen.swift; sourceTree = "<group>"; };
		D4232EA029E9A08500E73190 /* TeeBox+CoreDataClass.swift */ = {isa = PBXFileReference; lastKnownFileType = sourcecode.swift; path = "TeeBox+CoreDataClass.swift"; sourceTree = SOURCE_ROOT; };
		D4232EA129E9A08500E73190 /* TeeBox+CoreDataProperties.swift */ = {isa = PBXFileReference; lastKnownFileType = sourcecode.swift; path = "TeeBox+CoreDataProperties.swift"; sourceTree = SOURCE_ROOT; };
		D4232EAC29E9BB6F00E73190 /* GameFormats.swift */ = {isa = PBXFileReference; fileEncoding = 4; lastKnownFileType = sourcecode.swift; path = GameFormats.swift; sourceTree = "<group>"; };
		D4232EAE29E9BC8100E73190 /* Game+CoreDataClass.swift */ = {isa = PBXFileReference; lastKnownFileType = sourcecode.swift; path = "Game+CoreDataClass.swift"; sourceTree = SOURCE_ROOT; };
		D4232EAF29E9BC8100E73190 /* Game+CoreDataProperties.swift */ = {isa = PBXFileReference; lastKnownFileType = sourcecode.swift; path = "Game+CoreDataProperties.swift"; sourceTree = SOURCE_ROOT; };
		D4232EB229E9BCFE00E73190 /* Extensions_Game.swift */ = {isa = PBXFileReference; lastKnownFileType = sourcecode.swift; path = Extensions_Game.swift; sourceTree = SOURCE_ROOT; };
		D4232EB429EA74F200E73190 /* AddGameScreen.swift */ = {isa = PBXFileReference; lastKnownFileType = sourcecode.swift; path = AddGameScreen.swift; sourceTree = "<group>"; };
		D4232EB629EA817100E73190 /* Extensions_Club.swift */ = {isa = PBXFileReference; lastKnownFileType = sourcecode.swift; path = Extensions_Club.swift; sourceTree = "<group>"; };
		D4600C2E29EDBABA007AABF4 /* GameDetailScreen2.swift */ = {isa = PBXFileReference; lastKnownFileType = sourcecode.swift; path = GameDetailScreen2.swift; sourceTree = "<group>"; };
		D46A73D929EB213100327818 /* Player+CoreDataClass.swift */ = {isa = PBXFileReference; lastKnownFileType = sourcecode.swift; path = "Player+CoreDataClass.swift"; sourceTree = SOURCE_ROOT; };
		D46A73DA29EB213100327818 /* Player+CoreDataProperties.swift */ = {isa = PBXFileReference; lastKnownFileType = sourcecode.swift; path = "Player+CoreDataProperties.swift"; sourceTree = SOURCE_ROOT; };
		D46A73DF29EB55AD00327818 /* AddGamePlayerRowItem.swift */ = {isa = PBXFileReference; lastKnownFileType = sourcecode.swift; path = AddGamePlayerRowItem.swift; sourceTree = "<group>"; };
		D46E7CA329EBE75B0015E80C /* Extensions_Player.swift */ = {isa = PBXFileReference; lastKnownFileType = sourcecode.swift; path = Extensions_Player.swift; sourceTree = "<group>"; };
		D46E7CA529EC444B0015E80C /* Extensions_Competitor.swift */ = {isa = PBXFileReference; lastKnownFileType = sourcecode.swift; path = Extensions_Competitor.swift; sourceTree = "<group>"; };
		D49CC86F29E570FA00388CB1 /* GameListViewModel.swift */ = {isa = PBXFileReference; lastKnownFileType = sourcecode.swift; name = GameListViewModel.swift; path = "GolfProto03/View Models/NEw files/GameListViewModel.swift"; sourceTree = SOURCE_ROOT; };
		D49CC87229E57B2D00388CB1 /* AddGameViewModel.swift */ = {isa = PBXFileReference; lastKnownFileType = sourcecode.swift; name = AddGameViewModel.swift; path = GolfProto03/Views/AddGameViewModel.swift; sourceTree = SOURCE_ROOT; };
		D49CC87729E57E5E00388CB1 /* GameListScreen.swift */ = {isa = PBXFileReference; lastKnownFileType = sourcecode.swift; path = GameListScreen.swift; sourceTree = "<group>"; };
		D49CC87929E5800600388CB1 /* GameListRowItem.swift */ = {isa = PBXFileReference; lastKnownFileType = sourcecode.swift; path = GameListRowItem.swift; sourceTree = "<group>"; };
		D49CC87B29E5817800388CB1 /* GameDetailScreen.swift */ = {isa = PBXFileReference; lastKnownFileType = sourcecode.swift; path = GameDetailScreen.swift; sourceTree = "<group>"; };
		D49CC87D29E5859100388CB1 /* AddCompetitorViewModel.swift */ = {isa = PBXFileReference; lastKnownFileType = sourcecode.swift; path = AddCompetitorViewModel.swift; sourceTree = "<group>"; };
		D49CC88B29E9552A00388CB1 /* Club+CoreDataClass.swift */ = {isa = PBXFileReference; lastKnownFileType = sourcecode.swift; path = "Club+CoreDataClass.swift"; sourceTree = SOURCE_ROOT; };
		D49CC88C29E9552A00388CB1 /* Club+CoreDataProperties.swift */ = {isa = PBXFileReference; lastKnownFileType = sourcecode.swift; path = "Club+CoreDataProperties.swift"; sourceTree = SOURCE_ROOT; };
		D49CC8A129E97CB700388CB1 /* Course+CoreDataClass.swift */ = {isa = PBXFileReference; lastKnownFileType = sourcecode.swift; path = "Course+CoreDataClass.swift"; sourceTree = SOURCE_ROOT; };
		D49CC8A229E97CB700388CB1 /* Course+CoreDataProperties.swift */ = {isa = PBXFileReference; lastKnownFileType = sourcecode.swift; path = "Course+CoreDataProperties.swift"; sourceTree = SOURCE_ROOT; };
		D4AE6DE229ED4F7E00F298DB /* ChangeCompetitorTeeBoxSheet.swift */ = {isa = PBXFileReference; lastKnownFileType = sourcecode.swift; path = ChangeCompetitorTeeBoxSheet.swift; sourceTree = "<group>"; };
/* End PBXFileReference section */

/* Begin PBXFrameworksBuildPhase section */
		D41D4E1629CEF4BC001ACF68 /* Frameworks */ = {
			isa = PBXFrameworksBuildPhase;
			buildActionMask = 2147483647;
			files = (
			);
			runOnlyForDeploymentPostprocessing = 0;
		};
/* End PBXFrameworksBuildPhase section */

/* Begin PBXGroup section */
		D41D4E1029CEF4BC001ACF68 = {
			isa = PBXGroup;
			children = (
				D41D4E1B29CEF4BC001ACF68 /* GolfProto03 */,
				D41D4E1A29CEF4BC001ACF68 /* Products */,
			);
			sourceTree = "<group>";
		};
		D41D4E1A29CEF4BC001ACF68 /* Products */ = {
			isa = PBXGroup;
			children = (
				D41D4E1929CEF4BC001ACF68 /* GolfProto03.app */,
			);
			name = Products;
			sourceTree = "<group>";
		};
		D41D4E1B29CEF4BC001ACF68 /* GolfProto03 */ = {
			isa = PBXGroup;
			children = (
				D41D4E1C29CEF4BC001ACF68 /* GolfProto03App.swift */,
				D41D4E9C29CEFA61001ACF68 /* Info.plist */,
				D41D4E9B29CEFA1B001ACF68 /* GolfProto03.entitlements */,
				D41D4E8A29CEF662001ACF68 /* GolfDataModel.xcdatamodeld */,
				D4232EAC29E9BB6F00E73190 /* GameFormats.swift */,
				D41D4E3129CEF526001ACF68 /* Views */,
				D41D4E3029CEF51E001ACF68 /* Extensions */,
				D41D4E2F29CEF515001ACF68 /* Screens */,
				D41D4E2E29CEF509001ACF68 /* View Models */,
				D41D4E2D29CEF501001ACF68 /* Managers */,
				D41D4E2C29CEF4F9001ACF68 /* Models */,
				D41D4E2B29CEF4EC001ACF68 /* Image Picker */,
				D41D4E2A29CEF4DA001ACF68 /* Transformers */,
				D41D4E1E29CEF4BC001ACF68 /* ContentView.swift */,
				D41D4E2029CEF4BD001ACF68 /* Assets.xcassets */,
				D41D4E2229CEF4BD001ACF68 /* Preview Content */,
			);
			path = GolfProto03;
			sourceTree = "<group>";
		};
		D41D4E2229CEF4BD001ACF68 /* Preview Content */ = {
			isa = PBXGroup;
			children = (
				D41D4E2329CEF4BD001ACF68 /* Preview Assets.xcassets */,
			);
			path = "Preview Content";
			sourceTree = "<group>";
		};
		D41D4E2A29CEF4DA001ACF68 /* Transformers */ = {
			isa = PBXGroup;
			children = (
				D41D4E3329CEF561001ACF68 /* UIColorTransformer.swift */,
				D41D4E3229CEF561001ACF68 /* UIImageTransformer.swift */,
			);
			path = Transformers;
			sourceTree = "<group>";
		};
		D41D4E2B29CEF4EC001ACF68 /* Image Picker */ = {
			isa = PBXGroup;
			children = (
				D41D4E3629CEF576001ACF68 /* ImagePicker.swift */,
			);
			path = "Image Picker";
			sourceTree = "<group>";
		};
		D41D4E2C29CEF4F9001ACF68 /* Models */ = {
			isa = PBXGroup;
			children = (
				D46A73D929EB213100327818 /* Player+CoreDataClass.swift */,
				D46A73DA29EB213100327818 /* Player+CoreDataProperties.swift */,
				D4232EAE29E9BC8100E73190 /* Game+CoreDataClass.swift */,
				D4232EAF29E9BC8100E73190 /* Game+CoreDataProperties.swift */,
				D4232EA029E9A08500E73190 /* TeeBox+CoreDataClass.swift */,
				D4232EA129E9A08500E73190 /* TeeBox+CoreDataProperties.swift */,
				D49CC8A129E97CB700388CB1 /* Course+CoreDataClass.swift */,
				D49CC8A229E97CB700388CB1 /* Course+CoreDataProperties.swift */,
				D49CC88B29E9552A00388CB1 /* Club+CoreDataClass.swift */,
				D49CC88C29E9552A00388CB1 /* Club+CoreDataProperties.swift */,
			);
			path = Models;
			sourceTree = "<group>";
		};
		D41D4E2D29CEF501001ACF68 /* Managers */ = {
			isa = PBXGroup;
			children = (
				D41D4E9929CEF721001ACF68 /* CoreDataManager.swift */,
			);
			path = Managers;
			sourceTree = "<group>";
		};
		D41D4E2E29CEF509001ACF68 /* View Models */ = {
			isa = PBXGroup;
			children = (
				D49CC89729E9659E00388CB1 /* NEw files */,
				D41D4E6D29CEF5F7001ACF68 /* Clubs */,
				D41D4E6829CEF5F7001ACF68 /* Players */,
			);
			path = "View Models";
			sourceTree = "<group>";
		};
		D41D4E2F29CEF515001ACF68 /* Screens */ = {
			isa = PBXGroup;
			children = (
				D41D4E9D29CF016D001ACF68 /* MainScreen.swift */,
				D49CC87D29E5859100388CB1 /* AddCompetitorViewModel.swift */,
				D41D4E5D29CEF5CB001ACF68 /* Players */,
				D41D4E5C29CEF5B0001ACF68 /* Club */,
			);
			path = Screens;
			sourceTree = "<group>";
		};
		D41D4E3029CEF51E001ACF68 /* Extensions */ = {
			isa = PBXGroup;
			children = (
				D4232EB229E9BCFE00E73190 /* Extensions_Game.swift */,
				D4232EB629EA817100E73190 /* Extensions_Club.swift */,
				D46E7CA329EBE75B0015E80C /* Extensions_Player.swift */,
				D46E7CA529EC444B0015E80C /* Extensions_Competitor.swift */,
			);
			path = Extensions;
			sourceTree = "<group>";
		};
		D41D4E3129CEF526001ACF68 /* Views */ = {
			isa = PBXGroup;
			children = (
				D4232EB429EA74F200E73190 /* AddGameScreen.swift */,
				D46A73DF29EB55AD00327818 /* AddGamePlayerRowItem.swift */,
				D49CC87229E57B2D00388CB1 /* AddGameViewModel.swift */,
			);
			path = Views;
			sourceTree = "<group>";
		};
		D41D4E3829CEF5AB001ACF68 /* Club List Screen */ = {
			isa = PBXGroup;
			children = (
				D41D4E3929CEF5AB001ACF68 /* ClubListRowItem.swift */,
				D41D4E3A29CEF5AB001ACF68 /* EditClubScreen.swift */,
				D41D4E3B29CEF5AB001ACF68 /* ClubListScreen.swift */,
				D41D4E3C29CEF5AB001ACF68 /* AddClubScreen.swift */,
			);
			path = "Club List Screen";
			sourceTree = "<group>";
		};
		D41D4E3D29CEF5AB001ACF68 /* HoleList Screen */ = {
			isa = PBXGroup;
			children = (
				D41D4E3E29CEF5AB001ACF68 /* HolesLayout9.swift */,
				D41D4E3F29CEF5AB001ACF68 /* HoleListScreen.swift */,
				D41D4E4029CEF5AB001ACF68 /* HolesLayoutTotals.swift */,
			);
			path = "HoleList Screen";
			sourceTree = "<group>";
		};
		D41D4E4129CEF5AB001ACF68 /* Course List Screen */ = {
			isa = PBXGroup;
			children = (
				D41D4E4229CEF5AB001ACF68 /* CourseListScreen.swift */,
				D41D4E4429CEF5AB001ACF68 /* AddCoursesScreen.swift */,
				D41D4E4329CEF5AB001ACF68 /* EditCourseScreen.swift */,
				D41D4E4529CEF5AB001ACF68 /* CourseListRowItem.swift */,
			);
			path = "Course List Screen";
			sourceTree = "<group>";
		};
		D41D4E4629CEF5AB001ACF68 /* TeeBoxListScreen */ = {
			isa = PBXGroup;
			children = (
				D41D4E4729CEF5AB001ACF68 /* EditTeeBoxScreen.swift */,
				D41D4E4829CEF5AB001ACF68 /* TeeBoxListScreen.swift */,
				D41D4E4929CEF5AB001ACF68 /* TeeBoxListScreen_1Course.swift */,
				D41D4E4A29CEF5AB001ACF68 /* TeeBoxListRowItem.swift */,
				D41D4E4B29CEF5AB001ACF68 /* AddTeeBoxScreen.swift */,
			);
			path = TeeBoxListScreen;
			sourceTree = "<group>";
		};
		D41D4E5C29CEF5B0001ACF68 /* Club */ = {
			isa = PBXGroup;
			children = (
				D41D4E3829CEF5AB001ACF68 /* Club List Screen */,
				D41D4E4129CEF5AB001ACF68 /* Course List Screen */,
				D41D4E3D29CEF5AB001ACF68 /* HoleList Screen */,
				D41D4E4629CEF5AB001ACF68 /* TeeBoxListScreen */,
			);
			path = Club;
			sourceTree = "<group>";
		};
		D41D4E5D29CEF5CB001ACF68 /* Players */ = {
			isa = PBXGroup;
			children = (
				D41D4E5E29CEF5CB001ACF68 /* PlayerListScreen.swift */,
				D41D4E5F29CEF5CB001ACF68 /* PlayerListRowItem.swift */,
				D41D4E6029CEF5CB001ACF68 /* AddHandicapScreen.swift */,
				D41D4E6129CEF5CB001ACF68 /* AddPlayerScreen.swift */,
				D41D4E6229CEF5CB001ACF68 /* PlayerDetailScreen.swift */,
			);
			path = Players;
			sourceTree = "<group>";
		};
		D41D4E6829CEF5F7001ACF68 /* Players */ = {
			isa = PBXGroup;
			children = (
				D41D4E6929CEF5F7001ACF68 /* PlayerListViewModel.swift */,
				D41D4E6A29CEF5F7001ACF68 /* AddHandicapViewModel.swift */,
				D41D4E6B29CEF5F7001ACF68 /* AddPlayerViewModel.swift */,
				D41D4E6C29CEF5F7001ACF68 /* HandicapListViewModel.swift */,
			);
			path = Players;
			sourceTree = "<group>";
		};
		D41D4E6D29CEF5F7001ACF68 /* Clubs */ = {
			isa = PBXGroup;
			children = (
				D41D4E6E29CEF5F7001ACF68 /* EditClubViewModel.swift */,
				D41D4E6F29CEF5F7001ACF68 /* EditTeeBoxViewModel.swift */,
				D41D4E7029CEF5F7001ACF68 /* AddCourseViewModel.swift */,
				D41D4E7229CEF5F7001ACF68 /* CourseListViewModel.swift */,
				D41D4E7329CEF5F7001ACF68 /* ClubListViewModel.swift */,
				D41D4E7429CEF5F7001ACF68 /* EditCourseViewModel.swift */,
				D41D4E7529CEF5F7001ACF68 /* AddTeeBoxViewModel.swift */,
				D41D4E7629CEF5F7001ACF68 /* AddHoleViewModel.swift */,
				D41D4E7729CEF5F7001ACF68 /* TeeBoxListViewModel.swift */,
				D41D4E7829CEF5F7001ACF68 /* HoleListViewModel.swift */,
				D41D4E7929CEF5F7001ACF68 /* AddEditClubViewModel.swift */,
			);
			path = Clubs;
			sourceTree = "<group>";
		};
		D49CC89729E9659E00388CB1 /* NEw files */ = {
			isa = PBXGroup;
			children = (
				D49CC87729E57E5E00388CB1 /* GameListScreen.swift */,
				D49CC87B29E5817800388CB1 /* GameDetailScreen.swift */,
				D4600C2E29EDBABA007AABF4 /* GameDetailScreen2.swift */,
				D4AE6DE229ED4F7E00F298DB /* ChangeCompetitorTeeBoxSheet.swift */,
				D49CC87929E5800600388CB1 /* GameListRowItem.swift */,
				D49CC86F29E570FA00388CB1 /* GameListViewModel.swift */,
			);
			path = "NEw files";
			sourceTree = "<group>";
		};
/* End PBXGroup section */

/* Begin PBXNativeTarget section */
		D41D4E1829CEF4BC001ACF68 /* GolfProto03 */ = {
			isa = PBXNativeTarget;
			buildConfigurationList = D41D4E2729CEF4BD001ACF68 /* Build configuration list for PBXNativeTarget "GolfProto03" */;
			buildPhases = (
				D41D4E1529CEF4BC001ACF68 /* Sources */,
				D41D4E1629CEF4BC001ACF68 /* Frameworks */,
				D41D4E1729CEF4BC001ACF68 /* Resources */,
			);
			buildRules = (
			);
			dependencies = (
			);
			name = GolfProto03;
			productName = GolfProto03;
			productReference = D41D4E1929CEF4BC001ACF68 /* GolfProto03.app */;
			productType = "com.apple.product-type.application";
		};
/* End PBXNativeTarget section */

/* Begin PBXProject section */
		D41D4E1129CEF4BC001ACF68 /* Project object */ = {
			isa = PBXProject;
			attributes = {
				BuildIndependentTargetsInParallel = 1;
				LastSwiftUpdateCheck = 1420;
				LastUpgradeCheck = 1420;
				TargetAttributes = {
					D41D4E1829CEF4BC001ACF68 = {
						CreatedOnToolsVersion = 14.2;
					};
				};
			};
			buildConfigurationList = D41D4E1429CEF4BC001ACF68 /* Build configuration list for PBXProject "GolfProto03" */;
			compatibilityVersion = "Xcode 14.0";
			developmentRegion = en;
			hasScannedForEncodings = 0;
			knownRegions = (
				en,
				Base,
			);
			mainGroup = D41D4E1029CEF4BC001ACF68;
			productRefGroup = D41D4E1A29CEF4BC001ACF68 /* Products */;
			projectDirPath = "";
			projectRoot = "";
			targets = (
				D41D4E1829CEF4BC001ACF68 /* GolfProto03 */,
			);
		};
/* End PBXProject section */

/* Begin PBXResourcesBuildPhase section */
		D41D4E1729CEF4BC001ACF68 /* Resources */ = {
			isa = PBXResourcesBuildPhase;
			buildActionMask = 2147483647;
			files = (
				D41D4E2429CEF4BD001ACF68 /* Preview Assets.xcassets in Resources */,
				D41D4E2129CEF4BD001ACF68 /* Assets.xcassets in Resources */,
			);
			runOnlyForDeploymentPostprocessing = 0;
		};
/* End PBXResourcesBuildPhase section */

/* Begin PBXSourcesBuildPhase section */
		D41D4E1529CEF4BC001ACF68 /* Sources */ = {
			isa = PBXSourcesBuildPhase;
			buildActionMask = 2147483647;
			files = (
				D41D4E8329CEF5F7001ACF68 /* ClubListViewModel.swift in Sources */,
				D49CC87A29E5800600388CB1 /* GameListRowItem.swift in Sources */,
				D49CC87E29E5859100388CB1 /* AddCompetitorViewModel.swift in Sources */,
				D41D4E6629CEF5CB001ACF68 /* AddPlayerScreen.swift in Sources */,
				D41D4E5529CEF5AB001ACF68 /* AddCoursesScreen.swift in Sources */,
				D46A73DB29EB213100327818 /* Player+CoreDataClass.swift in Sources */,
				D41D4E8729CEF5F7001ACF68 /* TeeBoxListViewModel.swift in Sources */,
				D41D4E4D29CEF5AB001ACF68 /* EditClubScreen.swift in Sources */,
				D4232EB329E9BCFE00E73190 /* Extensions_Game.swift in Sources */,
				D49CC88E29E9552A00388CB1 /* Club+CoreDataProperties.swift in Sources */,
				D46E7CA629EC444B0015E80C /* Extensions_Competitor.swift in Sources */,
				D41D4E4E29CEF5AB001ACF68 /* ClubListScreen.swift in Sources */,
				D41D4E5329CEF5AB001ACF68 /* CourseListScreen.swift in Sources */,
				D41D4E5829CEF5AB001ACF68 /* TeeBoxListScreen.swift in Sources */,
				D4232EB129E9BC8100E73190 /* Game+CoreDataProperties.swift in Sources */,
				D41D4E1F29CEF4BC001ACF68 /* ContentView.swift in Sources */,
				D41D4E6329CEF5CB001ACF68 /* PlayerListScreen.swift in Sources */,
				D41D4E8C29CEF662001ACF68 /* GolfDataModel.xcdatamodeld in Sources */,
				D4232EB029E9BC8100E73190 /* Game+CoreDataClass.swift in Sources */,
				D41D4E9E29CF016D001ACF68 /* MainScreen.swift in Sources */,
				D4AE6DE329ED4F7E00F298DB /* ChangeCompetitorTeeBoxSheet.swift in Sources */,
				D4232EAD29E9BB6F00E73190 /* GameFormats.swift in Sources */,
				D41D4E8529CEF5F7001ACF68 /* AddTeeBoxViewModel.swift in Sources */,
				D41D4E5729CEF5AB001ACF68 /* EditTeeBoxScreen.swift in Sources */,
				D49CC8A429E97CB700388CB1 /* Course+CoreDataProperties.swift in Sources */,
				D46A73E029EB55AD00327818 /* AddGamePlayerRowItem.swift in Sources */,
				D41D4E1D29CEF4BC001ACF68 /* GolfProto03App.swift in Sources */,
				D41D4E8829CEF5F7001ACF68 /* HoleListViewModel.swift in Sources */,
				D41D4E9A29CEF721001ACF68 /* CoreDataManager.swift in Sources */,
				D41D4E7B29CEF5F7001ACF68 /* AddHandicapViewModel.swift in Sources */,
				D41D4E5629CEF5AB001ACF68 /* CourseListRowItem.swift in Sources */,
				D4232EA329E9A08500E73190 /* TeeBox+CoreDataProperties.swift in Sources */,
				D41D4E6729CEF5CB001ACF68 /* PlayerDetailScreen.swift in Sources */,
				D41D4E8429CEF5F7001ACF68 /* EditCourseViewModel.swift in Sources */,
				D41D4E7F29CEF5F7001ACF68 /* EditTeeBoxViewModel.swift in Sources */,
				D41D4E3729CEF576001ACF68 /* ImagePicker.swift in Sources */,
				D41D4E7C29CEF5F7001ACF68 /* AddPlayerViewModel.swift in Sources */,
				D4600C2F29EDBABA007AABF4 /* GameDetailScreen2.swift in Sources */,
				D41D4E6529CEF5CB001ACF68 /* AddHandicapScreen.swift in Sources */,
				D41D4E5929CEF5AB001ACF68 /* TeeBoxListScreen_1Course.swift in Sources */,
				D49CC87829E57E5E00388CB1 /* GameListScreen.swift in Sources */,
				D41D4E3429CEF561001ACF68 /* UIImageTransformer.swift in Sources */,
				D41D4E5A29CEF5AB001ACF68 /* TeeBoxListRowItem.swift in Sources */,
				D41D4E8929CEF5F7001ACF68 /* AddEditClubViewModel.swift in Sources */,
				D41D4E5229CEF5AB001ACF68 /* HolesLayoutTotals.swift in Sources */,
				D41D4E5429CEF5AB001ACF68 /* EditCourseScreen.swift in Sources */,
				D41D4E4F29CEF5AB001ACF68 /* AddClubScreen.swift in Sources */,
				D49CC8A329E97CB700388CB1 /* Course+CoreDataClass.swift in Sources */,
				D49CC87C29E5817800388CB1 /* GameDetailScreen.swift in Sources */,
				D46E7CA429EBE75B0015E80C /* Extensions_Player.swift in Sources */,
				D41D4E7A29CEF5F7001ACF68 /* PlayerListViewModel.swift in Sources */,
				D49CC88D29E9552A00388CB1 /* Club+CoreDataClass.swift in Sources */,
				D41D4E5029CEF5AB001ACF68 /* HolesLayout9.swift in Sources */,
				D41D4E6429CEF5CB001ACF68 /* PlayerListRowItem.swift in Sources */,
				D49CC87329E57B2D00388CB1 /* AddGameViewModel.swift in Sources */,
				D41D4E3529CEF561001ACF68 /* UIColorTransformer.swift in Sources */,
				D41D4E7D29CEF5F7001ACF68 /* HandicapListViewModel.swift in Sources */,
				D41D4E8629CEF5F7001ACF68 /* AddHoleViewModel.swift in Sources */,
				D41D4E7E29CEF5F7001ACF68 /* EditClubViewModel.swift in Sources */,
				D4232EB829EA848D00E73190 /* AddGameScreen.swift in Sources */,
				D46A73DC29EB213100327818 /* Player+CoreDataProperties.swift in Sources */,
				D41D4E5B29CEF5AB001ACF68 /* AddTeeBoxScreen.swift in Sources */,
				D4232EA229E9A08500E73190 /* TeeBox+CoreDataClass.swift in Sources */,
				D41D4E8229CEF5F7001ACF68 /* CourseListViewModel.swift in Sources */,
				D49CC87029E570FA00388CB1 /* GameListViewModel.swift in Sources */,
				D41D4E4C29CEF5AB001ACF68 /* ClubListRowItem.swift in Sources */,
				D41D4E5129CEF5AB001ACF68 /* HoleListScreen.swift in Sources */,
				D41D4E8029CEF5F7001ACF68 /* AddCourseViewModel.swift in Sources */,
				D4232EB729EA817100E73190 /* Extensions_Club.swift in Sources */,
			);
			runOnlyForDeploymentPostprocessing = 0;
		};
/* End PBXSourcesBuildPhase section */

/* Begin XCBuildConfiguration section */
		D41D4E2529CEF4BD001ACF68 /* Debug */ = {
			isa = XCBuildConfiguration;
			buildSettings = {
				ALWAYS_SEARCH_USER_PATHS = NO;
				CLANG_ANALYZER_NONNULL = YES;
				CLANG_ANALYZER_NUMBER_OBJECT_CONVERSION = YES_AGGRESSIVE;
				CLANG_CXX_LANGUAGE_STANDARD = "gnu++20";
				CLANG_ENABLE_MODULES = YES;
				CLANG_ENABLE_OBJC_ARC = YES;
				CLANG_ENABLE_OBJC_WEAK = YES;
				CLANG_WARN_BLOCK_CAPTURE_AUTORELEASING = YES;
				CLANG_WARN_BOOL_CONVERSION = YES;
				CLANG_WARN_COMMA = YES;
				CLANG_WARN_CONSTANT_CONVERSION = YES;
				CLANG_WARN_DEPRECATED_OBJC_IMPLEMENTATIONS = YES;
				CLANG_WARN_DIRECT_OBJC_ISA_USAGE = YES_ERROR;
				CLANG_WARN_DOCUMENTATION_COMMENTS = YES;
				CLANG_WARN_EMPTY_BODY = YES;
				CLANG_WARN_ENUM_CONVERSION = YES;
				CLANG_WARN_INFINITE_RECURSION = YES;
				CLANG_WARN_INT_CONVERSION = YES;
				CLANG_WARN_NON_LITERAL_NULL_CONVERSION = YES;
				CLANG_WARN_OBJC_IMPLICIT_RETAIN_SELF = YES;
				CLANG_WARN_OBJC_LITERAL_CONVERSION = YES;
				CLANG_WARN_OBJC_ROOT_CLASS = YES_ERROR;
				CLANG_WARN_QUOTED_INCLUDE_IN_FRAMEWORK_HEADER = YES;
				CLANG_WARN_RANGE_LOOP_ANALYSIS = YES;
				CLANG_WARN_STRICT_PROTOTYPES = YES;
				CLANG_WARN_SUSPICIOUS_MOVE = YES;
				CLANG_WARN_UNGUARDED_AVAILABILITY = YES_AGGRESSIVE;
				CLANG_WARN_UNREACHABLE_CODE = YES;
				CLANG_WARN__DUPLICATE_METHOD_MATCH = YES;
				COPY_PHASE_STRIP = NO;
				DEBUG_INFORMATION_FORMAT = dwarf;
				ENABLE_STRICT_OBJC_MSGSEND = YES;
				ENABLE_TESTABILITY = YES;
				GCC_C_LANGUAGE_STANDARD = gnu11;
				GCC_DYNAMIC_NO_PIC = NO;
				GCC_NO_COMMON_BLOCKS = YES;
				GCC_OPTIMIZATION_LEVEL = 0;
				GCC_PREPROCESSOR_DEFINITIONS = (
					"DEBUG=1",
					"$(inherited)",
				);
				GCC_WARN_64_TO_32_BIT_CONVERSION = YES;
				GCC_WARN_ABOUT_RETURN_TYPE = YES_ERROR;
				GCC_WARN_UNDECLARED_SELECTOR = YES;
				GCC_WARN_UNINITIALIZED_AUTOS = YES_AGGRESSIVE;
				GCC_WARN_UNUSED_FUNCTION = YES;
				GCC_WARN_UNUSED_VARIABLE = YES;
				IPHONEOS_DEPLOYMENT_TARGET = 16.2;
				MTL_ENABLE_DEBUG_INFO = INCLUDE_SOURCE;
				MTL_FAST_MATH = YES;
				ONLY_ACTIVE_ARCH = YES;
				SDKROOT = iphoneos;
				SWIFT_ACTIVE_COMPILATION_CONDITIONS = DEBUG;
				SWIFT_OPTIMIZATION_LEVEL = "-Onone";
			};
			name = Debug;
		};
		D41D4E2629CEF4BD001ACF68 /* Release */ = {
			isa = XCBuildConfiguration;
			buildSettings = {
				ALWAYS_SEARCH_USER_PATHS = NO;
				CLANG_ANALYZER_NONNULL = YES;
				CLANG_ANALYZER_NUMBER_OBJECT_CONVERSION = YES_AGGRESSIVE;
				CLANG_CXX_LANGUAGE_STANDARD = "gnu++20";
				CLANG_ENABLE_MODULES = YES;
				CLANG_ENABLE_OBJC_ARC = YES;
				CLANG_ENABLE_OBJC_WEAK = YES;
				CLANG_WARN_BLOCK_CAPTURE_AUTORELEASING = YES;
				CLANG_WARN_BOOL_CONVERSION = YES;
				CLANG_WARN_COMMA = YES;
				CLANG_WARN_CONSTANT_CONVERSION = YES;
				CLANG_WARN_DEPRECATED_OBJC_IMPLEMENTATIONS = YES;
				CLANG_WARN_DIRECT_OBJC_ISA_USAGE = YES_ERROR;
				CLANG_WARN_DOCUMENTATION_COMMENTS = YES;
				CLANG_WARN_EMPTY_BODY = YES;
				CLANG_WARN_ENUM_CONVERSION = YES;
				CLANG_WARN_INFINITE_RECURSION = YES;
				CLANG_WARN_INT_CONVERSION = YES;
				CLANG_WARN_NON_LITERAL_NULL_CONVERSION = YES;
				CLANG_WARN_OBJC_IMPLICIT_RETAIN_SELF = YES;
				CLANG_WARN_OBJC_LITERAL_CONVERSION = YES;
				CLANG_WARN_OBJC_ROOT_CLASS = YES_ERROR;
				CLANG_WARN_QUOTED_INCLUDE_IN_FRAMEWORK_HEADER = YES;
				CLANG_WARN_RANGE_LOOP_ANALYSIS = YES;
				CLANG_WARN_STRICT_PROTOTYPES = YES;
				CLANG_WARN_SUSPICIOUS_MOVE = YES;
				CLANG_WARN_UNGUARDED_AVAILABILITY = YES_AGGRESSIVE;
				CLANG_WARN_UNREACHABLE_CODE = YES;
				CLANG_WARN__DUPLICATE_METHOD_MATCH = YES;
				COPY_PHASE_STRIP = NO;
				DEBUG_INFORMATION_FORMAT = "dwarf-with-dsym";
				ENABLE_NS_ASSERTIONS = NO;
				ENABLE_STRICT_OBJC_MSGSEND = YES;
				GCC_C_LANGUAGE_STANDARD = gnu11;
				GCC_NO_COMMON_BLOCKS = YES;
				GCC_WARN_64_TO_32_BIT_CONVERSION = YES;
				GCC_WARN_ABOUT_RETURN_TYPE = YES_ERROR;
				GCC_WARN_UNDECLARED_SELECTOR = YES;
				GCC_WARN_UNINITIALIZED_AUTOS = YES_AGGRESSIVE;
				GCC_WARN_UNUSED_FUNCTION = YES;
				GCC_WARN_UNUSED_VARIABLE = YES;
				IPHONEOS_DEPLOYMENT_TARGET = 16.2;
				MTL_ENABLE_DEBUG_INFO = NO;
				MTL_FAST_MATH = YES;
				SDKROOT = iphoneos;
				SWIFT_COMPILATION_MODE = wholemodule;
				SWIFT_OPTIMIZATION_LEVEL = "-O";
				VALIDATE_PRODUCT = YES;
			};
			name = Release;
		};
		D41D4E2829CEF4BD001ACF68 /* Debug */ = {
			isa = XCBuildConfiguration;
			buildSettings = {
				ASSETCATALOG_COMPILER_APPICON_NAME = AppIcon;
				ASSETCATALOG_COMPILER_GLOBAL_ACCENT_COLOR_NAME = AccentColor;
				CODE_SIGN_ENTITLEMENTS = GolfProto03/GolfProto03.entitlements;
				CODE_SIGN_STYLE = Automatic;
				CURRENT_PROJECT_VERSION = 1;
				DEVELOPMENT_ASSET_PATHS = "\"GolfProto03/Preview Content\"";
				DEVELOPMENT_TEAM = X763376P7X;
				ENABLE_PREVIEWS = YES;
				GENERATE_INFOPLIST_FILE = YES;
				INFOPLIST_FILE = GolfProto03/Info.plist;
				INFOPLIST_KEY_UIApplicationSceneManifest_Generation = YES;
				INFOPLIST_KEY_UIApplicationSupportsIndirectInputEvents = YES;
				INFOPLIST_KEY_UILaunchScreen_Generation = YES;
				INFOPLIST_KEY_UISupportedInterfaceOrientations_iPad = "UIInterfaceOrientationPortrait UIInterfaceOrientationPortraitUpsideDown UIInterfaceOrientationLandscapeLeft UIInterfaceOrientationLandscapeRight";
				INFOPLIST_KEY_UISupportedInterfaceOrientations_iPhone = "UIInterfaceOrientationPortrait UIInterfaceOrientationLandscapeLeft UIInterfaceOrientationLandscapeRight";
				LD_RUNPATH_SEARCH_PATHS = (
					"$(inherited)",
					"@executable_path/Frameworks",
				);
				MARKETING_VERSION = 1.0;
				PRODUCT_BUNDLE_IDENTIFIER = uk.co.nye.GolfProto03;
				PRODUCT_NAME = "$(TARGET_NAME)";
				SWIFT_EMIT_LOC_STRINGS = YES;
				SWIFT_VERSION = 5.0;
				TARGETED_DEVICE_FAMILY = "1,2";
			};
			name = Debug;
		};
		D41D4E2929CEF4BD001ACF68 /* Release */ = {
			isa = XCBuildConfiguration;
			buildSettings = {
				ASSETCATALOG_COMPILER_APPICON_NAME = AppIcon;
				ASSETCATALOG_COMPILER_GLOBAL_ACCENT_COLOR_NAME = AccentColor;
				CODE_SIGN_ENTITLEMENTS = GolfProto03/GolfProto03.entitlements;
				CODE_SIGN_STYLE = Automatic;
				CURRENT_PROJECT_VERSION = 1;
				DEVELOPMENT_ASSET_PATHS = "\"GolfProto03/Preview Content\"";
				DEVELOPMENT_TEAM = X763376P7X;
				ENABLE_PREVIEWS = YES;
				GENERATE_INFOPLIST_FILE = YES;
				INFOPLIST_FILE = GolfProto03/Info.plist;
				INFOPLIST_KEY_UIApplicationSceneManifest_Generation = YES;
				INFOPLIST_KEY_UIApplicationSupportsIndirectInputEvents = YES;
				INFOPLIST_KEY_UILaunchScreen_Generation = YES;
				INFOPLIST_KEY_UISupportedInterfaceOrientations_iPad = "UIInterfaceOrientationPortrait UIInterfaceOrientationPortraitUpsideDown UIInterfaceOrientationLandscapeLeft UIInterfaceOrientationLandscapeRight";
				INFOPLIST_KEY_UISupportedInterfaceOrientations_iPhone = "UIInterfaceOrientationPortrait UIInterfaceOrientationLandscapeLeft UIInterfaceOrientationLandscapeRight";
				LD_RUNPATH_SEARCH_PATHS = (
					"$(inherited)",
					"@executable_path/Frameworks",
				);
				MARKETING_VERSION = 1.0;
				PRODUCT_BUNDLE_IDENTIFIER = uk.co.nye.GolfProto03;
				PRODUCT_NAME = "$(TARGET_NAME)";
				SWIFT_EMIT_LOC_STRINGS = YES;
				SWIFT_VERSION = 5.0;
				TARGETED_DEVICE_FAMILY = "1,2";
			};
			name = Release;
		};
/* End XCBuildConfiguration section */

/* Begin XCConfigurationList section */
		D41D4E1429CEF4BC001ACF68 /* Build configuration list for PBXProject "GolfProto03" */ = {
			isa = XCConfigurationList;
			buildConfigurations = (
				D41D4E2529CEF4BD001ACF68 /* Debug */,
				D41D4E2629CEF4BD001ACF68 /* Release */,
			);
			defaultConfigurationIsVisible = 0;
			defaultConfigurationName = Release;
		};
		D41D4E2729CEF4BD001ACF68 /* Build configuration list for PBXNativeTarget "GolfProto03" */ = {
			isa = XCConfigurationList;
			buildConfigurations = (
				D41D4E2829CEF4BD001ACF68 /* Debug */,
				D41D4E2929CEF4BD001ACF68 /* Release */,
			);
			defaultConfigurationIsVisible = 0;
			defaultConfigurationName = Release;
		};
/* End XCConfigurationList section */

/* Begin XCVersionGroup section */
		D41D4E8A29CEF662001ACF68 /* GolfDataModel.xcdatamodeld */ = {
			isa = XCVersionGroup;
			children = (
				D41D4E8B29CEF662001ACF68 /* GolfDataModel.xcdatamodel */,
			);
			currentVersion = D41D4E8B29CEF662001ACF68 /* GolfDataModel.xcdatamodel */;
			path = GolfDataModel.xcdatamodeld;
			sourceTree = "<group>";
			versionGroupType = wrapper.xcdatamodel;
		};
/* End XCVersionGroup section */
	};
	rootObject = D41D4E1129CEF4BC001ACF68 /* Project object */;
}
